# THIS IS AN AUTOGENERATED FILE. DO NOT EDIT THIS FILE DIRECTLY.
# yarn lockfile v1


"@algolia/autocomplete-core@1.9.3":
  version "1.9.3"
  resolved "https://registry.yarnpkg.com/@algolia/autocomplete-core/-/autocomplete-core-1.9.3.tgz#1d56482a768c33aae0868c8533049e02e8961be7"
  integrity sha512-009HdfugtGCdC4JdXUbVJClA0q0zh24yyePn+KUGk3rP7j8FEe/m5Yo/z65gn6nP/cM39PxpzqKrL7A6fP6PPw==
  dependencies:
    "@algolia/autocomplete-plugin-algolia-insights" "1.9.3"
    "@algolia/autocomplete-shared" "1.9.3"

"@algolia/autocomplete-plugin-algolia-insights@1.9.3":
  version "1.9.3"
  resolved "https://registry.yarnpkg.com/@algolia/autocomplete-plugin-algolia-insights/-/autocomplete-plugin-algolia-insights-1.9.3.tgz#9b7f8641052c8ead6d66c1623d444cbe19dde587"
  integrity sha512-a/yTUkcO/Vyy+JffmAnTWbr4/90cLzw+CC3bRbhnULr/EM0fGNvM13oQQ14f2moLMcVDyAx/leczLlAOovhSZg==
  dependencies:
    "@algolia/autocomplete-shared" "1.9.3"

"@algolia/autocomplete-preset-algolia@1.9.3":
  version "1.9.3"
  resolved "https://registry.yarnpkg.com/@algolia/autocomplete-preset-algolia/-/autocomplete-preset-algolia-1.9.3.tgz#64cca4a4304cfcad2cf730e83067e0c1b2f485da"
  integrity sha512-d4qlt6YmrLMYy95n5TB52wtNDr6EgAIPH81dvvvW8UmuWRgxEtY0NJiPwl/h95JtG2vmRM804M0DSwMCNZlzRA==
  dependencies:
    "@algolia/autocomplete-shared" "1.9.3"

"@algolia/autocomplete-shared@1.9.3":
  version "1.9.3"
  resolved "https://registry.yarnpkg.com/@algolia/autocomplete-shared/-/autocomplete-shared-1.9.3.tgz#2e22e830d36f0a9cf2c0ccd3c7f6d59435b77dfa"
  integrity sha512-Wnm9E4Ye6Rl6sTTqjoymD+l8DjSTHsHboVRYrKgEt8Q7UHm9nYbqhN/i0fhUYA3OAEH7WA8x3jfpnmJm3rKvaQ==

"@algolia/cache-browser-local-storage@4.20.0":
  version "4.20.0"
  resolved "https://registry.yarnpkg.com/@algolia/cache-browser-local-storage/-/cache-browser-local-storage-4.20.0.tgz#357318242fc542ffce41d6eb5b4a9b402921b0bb"
  integrity sha512-uujahcBt4DxduBTvYdwO3sBfHuJvJokiC3BP1+O70fglmE1ShkH8lpXqZBac1rrU3FnNYSUs4pL9lBdTKeRPOQ==
  dependencies:
    "@algolia/cache-common" "4.20.0"

"@algolia/cache-common@4.20.0":
  version "4.20.0"
  resolved "https://registry.yarnpkg.com/@algolia/cache-common/-/cache-common-4.20.0.tgz#ec52230509fce891091ffd0d890618bcdc2fa20d"
  integrity sha512-vCfxauaZutL3NImzB2G9LjLt36vKAckc6DhMp05An14kVo8F1Yofb6SIl6U3SaEz8pG2QOB9ptwM5c+zGevwIQ==

"@algolia/cache-in-memory@4.20.0":
  version "4.20.0"
  resolved "https://registry.yarnpkg.com/@algolia/cache-in-memory/-/cache-in-memory-4.20.0.tgz#5f18d057bd6b3b075022df085c4f83bcca4e3e67"
  integrity sha512-Wm9ak/IaacAZXS4mB3+qF/KCoVSBV6aLgIGFEtQtJwjv64g4ePMapORGmCyulCFwfePaRAtcaTbMcJF+voc/bg==
  dependencies:
    "@algolia/cache-common" "4.20.0"

"@algolia/client-account@4.20.0":
  version "4.20.0"
  resolved "https://registry.yarnpkg.com/@algolia/client-account/-/client-account-4.20.0.tgz#23ce0b4cffd63100fb7c1aa1c67a4494de5bd645"
  integrity sha512-GGToLQvrwo7am4zVkZTnKa72pheQeez/16sURDWm7Seyz+HUxKi3BM6fthVVPUEBhtJ0reyVtuK9ArmnaKl10Q==
  dependencies:
    "@algolia/client-common" "4.20.0"
    "@algolia/client-search" "4.20.0"
    "@algolia/transporter" "4.20.0"

"@algolia/client-analytics@4.20.0":
  version "4.20.0"
  resolved "https://registry.yarnpkg.com/@algolia/client-analytics/-/client-analytics-4.20.0.tgz#0aa6bef35d3a41ac3991b3f46fcd0bf00d276fa9"
  integrity sha512-EIr+PdFMOallRdBTHHdKI3CstslgLORQG7844Mq84ib5oVFRVASuuPmG4bXBgiDbcsMLUeOC6zRVJhv1KWI0ug==
  dependencies:
    "@algolia/client-common" "4.20.0"
    "@algolia/client-search" "4.20.0"
    "@algolia/requester-common" "4.20.0"
    "@algolia/transporter" "4.20.0"

"@algolia/client-common@4.20.0":
  version "4.20.0"
  resolved "https://registry.yarnpkg.com/@algolia/client-common/-/client-common-4.20.0.tgz#ca60f04466515548651c4371a742fbb8971790ef"
  integrity sha512-P3WgMdEss915p+knMMSd/fwiHRHKvDu4DYRrCRaBrsfFw7EQHon+EbRSm4QisS9NYdxbS04kcvNoavVGthyfqQ==
  dependencies:
    "@algolia/requester-common" "4.20.0"
    "@algolia/transporter" "4.20.0"

"@algolia/client-personalization@4.20.0":
  version "4.20.0"
  resolved "https://registry.yarnpkg.com/@algolia/client-personalization/-/client-personalization-4.20.0.tgz#ca81308e8ad0db3b27458b78355f124f29657181"
  integrity sha512-N9+zx0tWOQsLc3K4PVRDV8GUeOLAY0i445En79Pr3zWB+m67V+n/8w4Kw1C5LlbHDDJcyhMMIlqezh6BEk7xAQ==
  dependencies:
    "@algolia/client-common" "4.20.0"
    "@algolia/requester-common" "4.20.0"
    "@algolia/transporter" "4.20.0"

"@algolia/client-search@4.20.0":
  version "4.20.0"
  resolved "https://registry.yarnpkg.com/@algolia/client-search/-/client-search-4.20.0.tgz#3bcce817ca6caedc835e0eaf6f580e02ee7c3e15"
  integrity sha512-zgwqnMvhWLdpzKTpd3sGmMlr4c+iS7eyyLGiaO51zDZWGMkpgoNVmltkzdBwxOVXz0RsFMznIxB9zuarUv4TZg==
  dependencies:
    "@algolia/client-common" "4.20.0"
    "@algolia/requester-common" "4.20.0"
    "@algolia/transporter" "4.20.0"

"@algolia/logger-common@4.20.0":
  version "4.20.0"
  resolved "https://registry.yarnpkg.com/@algolia/logger-common/-/logger-common-4.20.0.tgz#f148ddf67e5d733a06213bebf7117cb8a651ab36"
  integrity sha512-xouigCMB5WJYEwvoWW5XDv7Z9f0A8VoXJc3VKwlHJw/je+3p2RcDXfksLI4G4lIVncFUYMZx30tP/rsdlvvzHQ==

"@algolia/logger-console@4.20.0":
  version "4.20.0"
  resolved "https://registry.yarnpkg.com/@algolia/logger-console/-/logger-console-4.20.0.tgz#ac443d27c4e94357f3063e675039cef0aa2de0a7"
  integrity sha512-THlIGG1g/FS63z0StQqDhT6bprUczBI8wnLT3JWvfAQDZX5P6fCg7dG+pIrUBpDIHGszgkqYEqECaKKsdNKOUA==
  dependencies:
    "@algolia/logger-common" "4.20.0"

"@algolia/requester-browser-xhr@4.20.0":
  version "4.20.0"
  resolved "https://registry.yarnpkg.com/@algolia/requester-browser-xhr/-/requester-browser-xhr-4.20.0.tgz#db16d0bdef018b93b51681d3f1e134aca4f64814"
  integrity sha512-HbzoSjcjuUmYOkcHECkVTwAelmvTlgs48N6Owt4FnTOQdwn0b8pdht9eMgishvk8+F8bal354nhx/xOoTfwiAw==
  dependencies:
    "@algolia/requester-common" "4.20.0"

"@algolia/requester-common@4.20.0":
  version "4.20.0"
  resolved "https://registry.yarnpkg.com/@algolia/requester-common/-/requester-common-4.20.0.tgz#65694b2263a8712b4360fef18680528ffd435b5c"
  integrity sha512-9h6ye6RY/BkfmeJp7Z8gyyeMrmmWsMOCRBXQDs4mZKKsyVlfIVICpcSibbeYcuUdurLhIlrOUkH3rQEgZzonng==

"@algolia/requester-node-http@4.20.0":
  version "4.20.0"
  resolved "https://registry.yarnpkg.com/@algolia/requester-node-http/-/requester-node-http-4.20.0.tgz#b52b182b52b0b16dec4070832267d484a6b1d5bb"
  integrity sha512-ocJ66L60ABSSTRFnCHIEZpNHv6qTxsBwJEPfYaSBsLQodm0F9ptvalFkHMpvj5DfE22oZrcrLbOYM2bdPJRHng==
  dependencies:
    "@algolia/requester-common" "4.20.0"

"@algolia/transporter@4.20.0":
  version "4.20.0"
  resolved "https://registry.yarnpkg.com/@algolia/transporter/-/transporter-4.20.0.tgz#7e5b24333d7cc9a926b2f6a249f87c2889b944a9"
  integrity sha512-Lsii1pGWOAISbzeyuf+r/GPhvHMPHSPrTDWNcIzOE1SG1inlJHICaVe2ikuoRjcpgxZNU54Jl+if15SUCsaTUg==
  dependencies:
    "@algolia/cache-common" "4.20.0"
    "@algolia/logger-common" "4.20.0"
    "@algolia/requester-common" "4.20.0"

"@babel/parser@^7.23.6":
  version "7.23.6"
  resolved "https://registry.npmmirror.com/@babel/parser/-/parser-7.23.6.tgz#ba1c9e512bda72a47e285ae42aff9d2a635a9e3b"
  integrity sha512-Z2uID7YJ7oNvAI20O9X0bblw7Qqs8Q2hFy0R9tAfnfLkp5MW0UH9eUvnDSnFwKZ0AvgS1ucqR4KzvVHgnke1VQ==

"@docsearch/css@3.5.2", "@docsearch/css@^3.5.2":
  version "3.5.2"
  resolved "https://registry.yarnpkg.com/@docsearch/css/-/css-3.5.2.tgz#610f47b48814ca94041df969d9fcc47b91fc5aac"
  integrity sha512-SPiDHaWKQZpwR2siD0KQUwlStvIAnEyK6tAE2h2Wuoq8ue9skzhlyVQ1ddzOxX6khULnAALDiR/isSF3bnuciA==

"@docsearch/js@^3.5.2":
  version "3.5.2"
  resolved "https://registry.yarnpkg.com/@docsearch/js/-/js-3.5.2.tgz#a11cb2e7e62890e9e940283fed6972ecf632629d"
  integrity sha512-p1YFTCDflk8ieHgFJYfmyHBki1D61+U9idwrLh+GQQMrBSP3DLGKpy0XUJtPjAOPltcVbqsTjiPFfH7JImjUNg==
  dependencies:
    "@docsearch/react" "3.5.2"
    preact "^10.0.0"

"@docsearch/react@3.5.2":
  version "3.5.2"
  resolved "https://registry.yarnpkg.com/@docsearch/react/-/react-3.5.2.tgz#2e6bbee00eb67333b64906352734da6aef1232b9"
  integrity sha512-9Ahcrs5z2jq/DcAvYtvlqEBHImbm4YJI8M9y0x6Tqg598P40HTEkX7hsMcIuThI+hTFxRGZ9hll0Wygm2yEjng==
  dependencies:
    "@algolia/autocomplete-core" "1.9.3"
    "@algolia/autocomplete-preset-algolia" "1.9.3"
    "@docsearch/css" "3.5.2"
    algoliasearch "^4.19.1"

"@esbuild/android-arm64@0.19.7":
  version "0.19.7"
  resolved "https://registry.yarnpkg.com/@esbuild/android-arm64/-/android-arm64-0.19.7.tgz#646156aea43e8e6723de6e94a4ac07c5aed41be1"
  integrity sha512-YEDcw5IT7hW3sFKZBkCAQaOCJQLONVcD4bOyTXMZz5fr66pTHnAet46XAtbXAkJRfIn2YVhdC6R9g4xa27jQ1w==

"@esbuild/android-arm@0.19.7":
  version "0.19.7"
  resolved "https://registry.yarnpkg.com/@esbuild/android-arm/-/android-arm-0.19.7.tgz#0827b49aed813c33ea18ee257c1728cdc4a01030"
  integrity sha512-YGSPnndkcLo4PmVl2tKatEn+0mlVMr3yEpOOT0BeMria87PhvoJb5dg5f5Ft9fbCVgtAz4pWMzZVgSEGpDAlww==

"@esbuild/android-x64@0.19.7":
  version "0.19.7"
  resolved "https://registry.yarnpkg.com/@esbuild/android-x64/-/android-x64-0.19.7.tgz#fa294ed5214d88219d519e0ab1bbb0253a89b864"
  integrity sha512-jhINx8DEjz68cChFvM72YzrqfwJuFbfvSxZAk4bebpngGfNNRm+zRl4rtT9oAX6N9b6gBcFaJHFew5Blf6CvUw==

"@esbuild/darwin-arm64@0.19.7":
  version "0.19.7"
  resolved "https://registry.yarnpkg.com/@esbuild/darwin-arm64/-/darwin-arm64-0.19.7.tgz#e24d2ed545749ff251eabe8bce11fefa688892d3"
  integrity sha512-dr81gbmWN//3ZnBIm6YNCl4p3pjnabg1/ZVOgz2fJoUO1a3mq9WQ/1iuEluMs7mCL+Zwv7AY5e3g1hjXqQZ9Iw==

"@esbuild/darwin-x64@0.19.7":
  version "0.19.7"
  resolved "https://registry.yarnpkg.com/@esbuild/darwin-x64/-/darwin-x64-0.19.7.tgz#02d1f8a572874c90d8f55dde8a859e5145bd06f6"
  integrity sha512-Lc0q5HouGlzQEwLkgEKnWcSazqr9l9OdV2HhVasWJzLKeOt0PLhHaUHuzb8s/UIya38DJDoUm74GToZ6Wc7NGQ==

"@esbuild/freebsd-arm64@0.19.7":
  version "0.19.7"
  resolved "https://registry.yarnpkg.com/@esbuild/freebsd-arm64/-/freebsd-arm64-0.19.7.tgz#bc6a69b9a7915da278f0a5ebaec069c813982c22"
  integrity sha512-+y2YsUr0CxDFF7GWiegWjGtTUF6gac2zFasfFkRJPkMAuMy9O7+2EH550VlqVdpEEchWMynkdhC9ZjtnMiHImQ==

"@esbuild/freebsd-x64@0.19.7":
  version "0.19.7"
  resolved "https://registry.yarnpkg.com/@esbuild/freebsd-x64/-/freebsd-x64-0.19.7.tgz#ec3708488625d70e565968ceea1355e7c8613865"
  integrity sha512-CdXOxIbIzPJmJhrpmJTLx+o35NoiKBIgOvmvT+jeSadYiWJn0vFKsl+0bSG/5lwjNHoIDEyMYc/GAPR9jxusTA==

"@esbuild/linux-arm64@0.19.7":
  version "0.19.7"
  resolved "https://registry.yarnpkg.com/@esbuild/linux-arm64/-/linux-arm64-0.19.7.tgz#8e04b66c306858f92d4f90f8222775270755e88a"
  integrity sha512-inHqdOVCkUhHNvuQPT1oCB7cWz9qQ/Cz46xmVe0b7UXcuIJU3166aqSunsqkgSGMtUCWOZw3+KMwI6otINuC9g==

"@esbuild/linux-arm@0.19.7":
  version "0.19.7"
  resolved "https://registry.yarnpkg.com/@esbuild/linux-arm/-/linux-arm-0.19.7.tgz#12d5b65e089029ee1fe4c591b60969c9b1a85355"
  integrity sha512-Y+SCmWxsJOdQtjcBxoacn/pGW9HDZpwsoof0ttL+2vGcHokFlfqV666JpfLCSP2xLxFpF1lj7T3Ox3sr95YXww==

"@esbuild/linux-ia32@0.19.7":
  version "0.19.7"
  resolved "https://registry.yarnpkg.com/@esbuild/linux-ia32/-/linux-ia32-0.19.7.tgz#01eabc2a3ad9039e115db650268e4f48f910dbe2"
  integrity sha512-2BbiL7nLS5ZO96bxTQkdO0euGZIUQEUXMTrqLxKUmk/Y5pmrWU84f+CMJpM8+EHaBPfFSPnomEaQiG/+Gmh61g==

"@esbuild/linux-loong64@0.19.7":
  version "0.19.7"
  resolved "https://registry.yarnpkg.com/@esbuild/linux-loong64/-/linux-loong64-0.19.7.tgz#70681113632970e6a5766607bbdb98aa18cf4d5f"
  integrity sha512-BVFQla72KXv3yyTFCQXF7MORvpTo4uTA8FVFgmwVrqbB/4DsBFWilUm1i2Oq6zN36DOZKSVUTb16jbjedhfSHw==

"@esbuild/linux-mips64el@0.19.7":
  version "0.19.7"
  resolved "https://registry.yarnpkg.com/@esbuild/linux-mips64el/-/linux-mips64el-0.19.7.tgz#f63c022a71a3d70c482d1943a27cb8997021e230"
  integrity sha512-DzAYckIaK+pS31Q/rGpvUKu7M+5/t+jI+cdleDgUwbU7KdG2eC3SUbZHlo6Q4P1CfVKZ1lUERRFP8+q0ob9i2w==

"@esbuild/linux-ppc64@0.19.7":
  version "0.19.7"
  resolved "https://registry.yarnpkg.com/@esbuild/linux-ppc64/-/linux-ppc64-0.19.7.tgz#614eafd08b0c50212f287b948b3c08d6e60f221f"
  integrity sha512-JQ1p0SmUteNdUaaiRtyS59GkkfTW0Edo+e0O2sihnY4FoZLz5glpWUQEKMSzMhA430ctkylkS7+vn8ziuhUugQ==

"@esbuild/linux-riscv64@0.19.7":
  version "0.19.7"
  resolved "https://registry.yarnpkg.com/@esbuild/linux-riscv64/-/linux-riscv64-0.19.7.tgz#31d3b63f92f65968268a8e61ba59872538e80e88"
  integrity sha512-xGwVJ7eGhkprY/nB7L7MXysHduqjpzUl40+XoYDGC4UPLbnG+gsyS1wQPJ9lFPcxYAaDXbdRXd1ACs9AE9lxuw==

"@esbuild/linux-s390x@0.19.7":
  version "0.19.7"
  resolved "https://registry.yarnpkg.com/@esbuild/linux-s390x/-/linux-s390x-0.19.7.tgz#be94974e0caa0783ae05f9477fd7170b9ac29cb0"
  integrity sha512-U8Rhki5PVU0L0nvk+E8FjkV8r4Lh4hVEb9duR6Zl21eIEYEwXz8RScj4LZWA2i3V70V4UHVgiqMpszXvG0Yqhg==

"@esbuild/linux-x64@0.19.7":
  version "0.19.7"
  resolved "https://registry.yarnpkg.com/@esbuild/linux-x64/-/linux-x64-0.19.7.tgz#84e8018a913dd4ecee954623e395984aef3d0007"
  integrity sha512-ZYZopyLhm4mcoZXjFt25itRlocKlcazDVkB4AhioiL9hOWhDldU9n38g62fhOI4Pth6vp+Mrd5rFKxD0/S+7aQ==

"@esbuild/netbsd-x64@0.19.7":
  version "0.19.7"
  resolved "https://registry.yarnpkg.com/@esbuild/netbsd-x64/-/netbsd-x64-0.19.7.tgz#98898ba8800374c9df9bb182ca4f69fcecaf4411"
  integrity sha512-/yfjlsYmT1O3cum3J6cmGG16Fd5tqKMcg5D+sBYLaOQExheAJhqr8xOAEIuLo8JYkevmjM5zFD9rVs3VBcsjtQ==

"@esbuild/openbsd-x64@0.19.7":
  version "0.19.7"
  resolved "https://registry.yarnpkg.com/@esbuild/openbsd-x64/-/openbsd-x64-0.19.7.tgz#46dc4eda2adb51f16361b1ad10e9b3f4938c4573"
  integrity sha512-MYDFyV0EW1cTP46IgUJ38OnEY5TaXxjoDmwiTXPjezahQgZd+j3T55Ht8/Q9YXBM0+T9HJygrSRGV5QNF/YVDQ==

"@esbuild/sunos-x64@0.19.7":
  version "0.19.7"
  resolved "https://registry.yarnpkg.com/@esbuild/sunos-x64/-/sunos-x64-0.19.7.tgz#1650d40dd88412ecc11490119cd23cbaf661a591"
  integrity sha512-JcPvgzf2NN/y6X3UUSqP6jSS06V0DZAV/8q0PjsZyGSXsIGcG110XsdmuWiHM+pno7/mJF6fjH5/vhUz/vA9fw==

"@esbuild/win32-arm64@0.19.7":
  version "0.19.7"
  resolved "https://registry.yarnpkg.com/@esbuild/win32-arm64/-/win32-arm64-0.19.7.tgz#e61de6c4eb204d83fd912f3ae6812cc8c7d32d25"
  integrity sha512-ZA0KSYti5w5toax5FpmfcAgu3ZNJxYSRm0AW/Dao5up0YV1hDVof1NvwLomjEN+3/GMtaWDI+CIyJOMTRSTdMw==

"@esbuild/win32-ia32@0.19.7":
  version "0.19.7"
  resolved "https://registry.yarnpkg.com/@esbuild/win32-ia32/-/win32-ia32-0.19.7.tgz#3d9c159d42c67e37a433e44ef8217c661cb6f6d0"
  integrity sha512-CTOnijBKc5Jpk6/W9hQMMvJnsSYRYgveN6O75DTACCY18RA2nqka8dTZR+x/JqXCRiKk84+5+bRKXUSbbwsS0A==

"@esbuild/win32-x64@0.19.7":
  version "0.19.7"
  resolved "https://registry.yarnpkg.com/@esbuild/win32-x64/-/win32-x64-0.19.7.tgz#02c4446f802706098d8e6ee70cf2b7aba96ded0b"
  integrity sha512-gRaP2sk6hc98N734luX4VpF318l3w+ofrtTu9j5L8EQXF+FzQKV6alCOHMVoJJHvVK/mGbwBXfOL1HETQu9IGQ==

"@jridgewell/sourcemap-codec@^1.4.15":
  version "1.4.15"
  resolved "https://registry.yarnpkg.com/@jridgewell/sourcemap-codec/-/sourcemap-codec-1.4.15.tgz#d7c6e6755c78567a951e04ab52ef0fd26de59f32"
  integrity sha512-eF2rxCRulEKXHTRiDrDy6erMYWqNw4LPdQ8UQA4huuxaQsVeRPFl2oM8oDGxMFhJUWZf9McpLtJasDDZb/Bpeg==

"@rollup/rollup-android-arm-eabi@4.5.2":
  version "4.5.2"
  resolved "https://registry.yarnpkg.com/@rollup/rollup-android-arm-eabi/-/rollup-android-arm-eabi-4.5.2.tgz#fa3e9ba323449f098b8d144ecaa4f044d2ff2ee3"
  integrity sha512-ee7BudTwwrglFYSc3UnqInDDjCLWHKrFmGNi4aK7jlEyg4CyPa1DCMrZfsN1O13YT76UFEqXz2CoN7BCGpUlJw==

"@rollup/rollup-android-arm64@4.5.2":
  version "4.5.2"
  resolved "https://registry.yarnpkg.com/@rollup/rollup-android-arm64/-/rollup-android-arm64-4.5.2.tgz#961089fe117ceca642b6432fadd093048da93ae8"
  integrity sha512-xOuhj9HHtn8128ir8veoQsBbAUBasDbHIBniYTEx02pAmu9EXL+ZjJqngnNEy6ZgZ4h1JwL33GMNu3yJL5Mzow==

"@rollup/rollup-darwin-arm64@4.5.2":
  version "4.5.2"
  resolved "https://registry.yarnpkg.com/@rollup/rollup-darwin-arm64/-/rollup-darwin-arm64-4.5.2.tgz#a8c13123b830aa743f604b732d72b260dd9de0f6"
  integrity sha512-NTGJWoL8bKyqyWFn9/RzSv4hQ4wTbaAv0lHHRwf4OnpiiP4P8W0jiXbm8Nc5BCXKmWAwuvJY82mcIU2TayC20g==

"@rollup/rollup-darwin-x64@4.5.2":
  version "4.5.2"
  resolved "https://registry.yarnpkg.com/@rollup/rollup-darwin-x64/-/rollup-darwin-x64-4.5.2.tgz#ab3a46c846bed784e8f52f253c59dcd70175ef24"
  integrity sha512-hlKqj7bpPvU15sZo4za14u185lpMzdwWLMc9raMqPK4wywt0wR23y1CaVQ4oAFXat3b5/gmRntyfpwWTKl+vvA==

"@rollup/rollup-linux-arm-gnueabihf@4.5.2":
  version "4.5.2"
  resolved "https://registry.yarnpkg.com/@rollup/rollup-linux-arm-gnueabihf/-/rollup-linux-arm-gnueabihf-4.5.2.tgz#aa98197f06d9d795a317152ec8d95e65a369053b"
  integrity sha512-7ZIZx8c3u+pfI0ohQsft/GywrXez0uR6dUP0JhBuCK3sFO5TfdLn/YApnVkvPxuTv3+YKPIZend9Mt7Cz6sS3Q==

"@rollup/rollup-linux-arm64-gnu@4.5.2":
  version "4.5.2"
  resolved "https://registry.yarnpkg.com/@rollup/rollup-linux-arm64-gnu/-/rollup-linux-arm64-gnu-4.5.2.tgz#a0dc66fa46553b8bb1c96df41ae8308770aebecf"
  integrity sha512-7Pk/5mO11JW/cH+a8lL/i0ZxmRGrbpYqN0VwO2DHhU+SJWWOH2zE1RAcPaj8KqiwC8DCDIJOSxjV9+9lLb6aeA==

"@rollup/rollup-linux-arm64-musl@4.5.2":
  version "4.5.2"
  resolved "https://registry.yarnpkg.com/@rollup/rollup-linux-arm64-musl/-/rollup-linux-arm64-musl-4.5.2.tgz#32117bb51bdd761b8f759c9fed9eab493154cdfd"
  integrity sha512-KrRnuG5phJx756e62wxvWH2e+TK84MP2IVuPwfge+GBvWqIUfVzFRn09TKruuQBXzZp52Vyma7FjMDkwlA9xpg==

"@rollup/rollup-linux-x64-gnu@4.5.2":
  version "4.5.2"
  resolved "https://registry.yarnpkg.com/@rollup/rollup-linux-x64-gnu/-/rollup-linux-x64-gnu-4.5.2.tgz#566cda292f95d6ef995344887217a82e9fd20ad6"
  integrity sha512-My+53GasPa2D2tU5dXiyHYwrELAUouSfkNlZ3bUKpI7btaztO5vpALEs3mvFjM7aKTvEbc7GQckuXeXIDKQ0fg==

"@rollup/rollup-linux-x64-musl@4.5.2":
  version "4.5.2"
  resolved "https://registry.yarnpkg.com/@rollup/rollup-linux-x64-musl/-/rollup-linux-x64-musl-4.5.2.tgz#d5dcc18af0388209e11586d3c0c9626ba7577b04"
  integrity sha512-/f0Q6Sc+Vw54Ws6N8fxaEe4R7at3b8pFyv+O/F2VaQ4hODUJcRUcCBJh6zuqtgQQt7w845VTkGLFgWZkP3tUoQ==

"@rollup/rollup-win32-arm64-msvc@4.5.2":
  version "4.5.2"
  resolved "https://registry.yarnpkg.com/@rollup/rollup-win32-arm64-msvc/-/rollup-win32-arm64-msvc-4.5.2.tgz#b880eb1d349f166939ffbe27cbf1efd2e1923819"
  integrity sha512-NCKuuZWLht6zj7s6EIFef4BxCRX1GMr83S2W4HPCA0RnJ4iHE4FS1695q6Ewoa6A9nFjJe1//yUu0kgBU07Edw==

"@rollup/rollup-win32-ia32-msvc@4.5.2":
  version "4.5.2"
  resolved "https://registry.yarnpkg.com/@rollup/rollup-win32-ia32-msvc/-/rollup-win32-ia32-msvc-4.5.2.tgz#4b799c851864a10491a4755b5b8eadceae3e9889"
  integrity sha512-J5zL3riR4AOyU/J3M/i4k/zZ8eP1yT+nTmAKztCXJtnI36jYH0eepvob22mAQ/kLwfsK2TB6dbyVY1F8c/0H5A==

"@rollup/rollup-win32-x64-msvc@4.5.2":
  version "4.5.2"
  resolved "https://registry.yarnpkg.com/@rollup/rollup-win32-x64-msvc/-/rollup-win32-x64-msvc-4.5.2.tgz#7e59216d929a6b444304000be40c32d2d127fe4f"
  integrity sha512-pL0RXRHuuGLhvs7ayX/SAHph1hrDPXOM5anyYUQXWJEENxw3nfHkzv8FfVlEVcLyKPAEgDRkd6RKZq2SMqS/yg==

"@types/linkify-it@*":
  version "3.0.4"
  resolved "https://registry.yarnpkg.com/@types/linkify-it/-/linkify-it-3.0.4.tgz#def6a9bb0ce78140860602f16ace37a9997f086a"
  integrity sha512-hPpIeeHb/2UuCw06kSNAOVWgehBLXEo0/fUs0mw3W2qhqX89PI2yvok83MnuctYGCPrabGIoi0fFso4DQ+sNUQ==

"@types/markdown-it@^13.0.7":
  version "13.0.7"
  resolved "https://registry.yarnpkg.com/@types/markdown-it/-/markdown-it-13.0.7.tgz#4a495115f470075bd4434a0438ac477a49c2e152"
  integrity sha512-U/CBi2YUUcTHBt5tjO2r5QV/x0Po6nsYwQU4Y04fBS6vfoImaiZ6f8bi3CjTCxBPQSO1LMyUqkByzi8AidyxfA==
  dependencies:
    "@types/linkify-it" "*"
    "@types/mdurl" "*"

"@types/mdurl@*":
  version "1.0.4"
  resolved "https://registry.yarnpkg.com/@types/mdurl/-/mdurl-1.0.4.tgz#574bfbec51eb41ab5f444116c8555bc4347feba5"
  integrity sha512-ARVxjAEX5TARFRzpDRVC6cEk0hUIXCCwaMhz8y7S1/PxU6zZS1UMjyobz7q4w/D/R552r4++EhwmXK1N2rAy0A==

"@types/web-bluetooth@^0.0.20":
  version "0.0.20"
  resolved "https://registry.yarnpkg.com/@types/web-bluetooth/-/web-bluetooth-0.0.20.tgz#f066abfcd1cbe66267cdbbf0de010d8a41b41597"
  integrity sha512-g9gZnnXVq7gM7v3tJCWV/qw7w+KeOlSHAhgF9RytFyifW6AF61hdT2ucrYhPq9hLs5JIryeupHV3qGk95dH9ow==

"@vitejs/plugin-vue@^5.0.2":
  version "5.0.2"
  resolved "https://registry.npmmirror.com/@vitejs/plugin-vue/-/plugin-vue-5.0.2.tgz#8428ec3f446b9c2f7a7ec950f34e3d6f3c665444"
  integrity sha512-kEjJHrLb5ePBvjD0SPZwJlw1QTRcjjCA9sB5VyfonoXVBxTS7TMnqL6EkLt1Eu61RDeiuZ/WN9Hf6PxXhPI2uA==

"@vue/compiler-core@3.4.6":
  version "3.4.6"
  resolved "https://registry.npmmirror.com/@vue/compiler-core/-/compiler-core-3.4.6.tgz#6566dcaf41ad12013ca270c3f4f9501f9b88cdfc"
  integrity sha512-9SmkpHsXqhHGMIOp4cawUqp0AxLN2fJJfxh3sR2RaouVx/Y/ww5ts3dfpD9SCvD0n8cdO/Xw+kWEpa6EkH/vTQ==
  dependencies:
    "@babel/parser" "^7.23.6"
    "@vue/shared" "3.4.6"
    entities "^4.5.0"
    estree-walker "^2.0.2"
    source-map-js "^1.0.2"

"@vue/compiler-dom@3.4.6":
  version "3.4.6"
  resolved "https://registry.npmmirror.com/@vue/compiler-dom/-/compiler-dom-3.4.6.tgz#f8a08aba9483bb2a9c8e2f600d14d6ff1dfbb51e"
  integrity sha512-i39ZuyHPzPb0v5yXZbvODGwLr+T7lS1rYSjMd1oCTa14aDP80kYpWXrWPF1JVD4QJJNyLgFnJ2hxvFLM7dy9NQ==
  dependencies:
    "@vue/compiler-core" "3.4.6"
    "@vue/shared" "3.4.6"

"@vue/compiler-sfc@3.4.6":
  version "3.4.6"
  resolved "https://registry.npmmirror.com/@vue/compiler-sfc/-/compiler-sfc-3.4.6.tgz#c76f93019a2ab845b827d7bc2f957e9fb30f1929"
  integrity sha512-kTFOiyMtuetFqi5yEPA4hR6FTD36zKKY3qaBonxGb4pgj0yK1eACqH+iycTAsEqr2u4cOhcGkx3Yjecpgh6FTQ==
  dependencies:
    "@babel/parser" "^7.23.6"
    "@vue/compiler-core" "3.4.6"
    "@vue/compiler-dom" "3.4.6"
    "@vue/compiler-ssr" "3.4.6"
    "@vue/shared" "3.4.6"
    estree-walker "^2.0.2"
    magic-string "^0.30.5"
    postcss "^8.4.32"
    source-map-js "^1.0.2"

"@vue/compiler-ssr@3.4.6":
  version "3.4.6"
  resolved "https://registry.npmmirror.com/@vue/compiler-ssr/-/compiler-ssr-3.4.6.tgz#23a4731c3c1c764e72b86fff178ea81c69bfc9b4"
  integrity sha512-XqeojjDitjMLyOogDePNSxw9XL4FAXchO9oOfqdzLVEtYES5j+AEilPJyP0KhQPfGecY2mJ3Y7/e6kkiJQLKvg==
  dependencies:
    "@vue/compiler-dom" "3.4.6"
    "@vue/shared" "3.4.6"

"@vue/devtools-api@^6.5.1":
  version "6.5.1"
  resolved "https://registry.yarnpkg.com/@vue/devtools-api/-/devtools-api-6.5.1.tgz#7f71f31e40973eeee65b9a64382b13593fdbd697"
  integrity sha512-+KpckaAQyfbvshdDW5xQylLni1asvNSGme1JFs8I1+/H5pHEhqUKMEQD/qn3Nx5+/nycBq11qAEi8lk+LXI2dA==

"@vue/reactivity@3.4.6":
  version "3.4.6"
  resolved "https://registry.npmmirror.com/@vue/reactivity/-/reactivity-3.4.6.tgz#731aec2e4ea42f52206e73df769ecffacae8875e"
  integrity sha512-/VuOxdWDyAeKFHjOuSKEtH9jEVPRgsXxu84utBP1SiXFcFRx2prwiC9cSR8hKOfj5nBwhLXYb6XEU69mLpuk0w==
  dependencies:
    "@vue/shared" "3.4.6"

"@vue/runtime-core@3.4.6":
  version "3.4.6"
  resolved "https://registry.npmmirror.com/@vue/runtime-core/-/runtime-core-3.4.6.tgz#7d6d8212cf2eaae8b992b7a9ed0b77fe0911dd37"
  integrity sha512-XDOx8iiNmP66p+goUHT5XL1AnV8406VVFQARbylqmSCBZEtxchfu2ZoQk7U07ze8G/E0/BtX/C5o29zB1W4o5A==
  dependencies:
    "@vue/reactivity" "3.4.6"
    "@vue/shared" "3.4.6"

"@vue/runtime-dom@3.4.6":
  version "3.4.6"
  resolved "https://registry.npmmirror.com/@vue/runtime-dom/-/runtime-dom-3.4.6.tgz#87a6b4f25b47feac5cf6a88b6227811aa5951f3c"
  integrity sha512-8bdQR5CLfzClGvAOfbbCF8adE9oko0pRfe+dj297i0JCdCJ8AuyUMsXkt6vGPcRPqIKX4Z8f/bDPrwl+c7e4Wg==
  dependencies:
    "@vue/runtime-core" "3.4.6"
    "@vue/shared" "3.4.6"
    csstype "^3.1.3"

"@vue/server-renderer@3.4.6":
  version "3.4.6"
  resolved "https://registry.npmmirror.com/@vue/server-renderer/-/server-renderer-3.4.6.tgz#f5d135bae601dc4bdf7fe1212391173c68292c2b"
  integrity sha512-0LS+GXf3M93KloaK/S0ZPq5PnKERgPAV5iNCCpjyBLhAQGGEeqfJojs3yXOAMQLSvXi9FLYDHzDEOLWoLaYbTQ==
  dependencies:
    "@vue/compiler-ssr" "3.4.6"
    "@vue/shared" "3.4.6"

"@vue/shared@3.4.6":
  version "3.4.6"
  resolved "https://registry.npmmirror.com/@vue/shared/-/shared-3.4.6.tgz#feace5e6819a460532dec4721b7e770a0b1b959d"
  integrity sha512-O16vewA05D0IwfG2N/OFEuVeb17pieaI32mmYXp36V8lp+/pI1YV04rRL9Eyjndj3xQO5SNjAxTh6ul4IlBa3A==

"@vueuse/core@10.7.1", "@vueuse/core@^10.7.1":
  version "10.7.1"
  resolved "https://registry.npmmirror.com/@vueuse/core/-/core-10.7.1.tgz#b4bfe3355dbb0ec17d34d737385e1c8a0156ccf1"
  integrity sha512-74mWHlaesJSWGp1ihg76vAnfVq9NTv1YT0SYhAQ6zwFNdBkkP+CKKJmVOEHcdSnLXCXYiL5e7MaewblfiYLP7g==
  dependencies:
    "@types/web-bluetooth" "^0.0.20"
    "@vueuse/metadata" "10.7.1"
    "@vueuse/shared" "10.7.1"
    vue-demi ">=0.14.6"

"@vueuse/integrations@^10.7.1":
  version "10.7.1"
  resolved "https://registry.npmmirror.com/@vueuse/integrations/-/integrations-10.7.1.tgz#c16676744bf5f0a764eea9517c78d882988cf5f7"
  integrity sha512-cKo5LEeKVHdBRBtMTOrDPdR0YNtrmN9IBfdcnY2P3m5LHVrsD0xiHUtAH1WKjHQRIErZG6rJUa6GA4tWZt89Og==
  dependencies:
    "@vueuse/core" "10.7.1"
    "@vueuse/shared" "10.7.1"
    vue-demi ">=0.14.6"

"@vueuse/metadata@10.7.1":
  version "10.7.1"
  resolved "https://registry.npmmirror.com/@vueuse/metadata/-/metadata-10.7.1.tgz#190a8d0e97216941cc95120c89dfa2c4228b2a53"
  integrity sha512-jX8MbX5UX067DYVsbtrmKn6eG6KMcXxLRLlurGkZku5ZYT3vxgBjui2zajvUZ18QLIjrgBkFRsu7CqTAg18QFw==

"@vueuse/shared@10.7.1":
  version "10.7.1"
  resolved "https://registry.npmmirror.com/@vueuse/shared/-/shared-10.7.1.tgz#b9892fc31784d685619015fba287cde53873485d"
  integrity sha512-v0jbRR31LSgRY/C5i5X279A/WQjD6/JsMzGa+eqt658oJ75IvQXAeONmwvEMrvJQKnRElq/frzBR7fhmWY5uLw==
  dependencies:
    vue-demi ">=0.14.6"

algoliasearch@^4.19.1:
  version "4.20.0"
  resolved "https://registry.yarnpkg.com/algoliasearch/-/algoliasearch-4.20.0.tgz#700c2cb66e14f8a288460036c7b2a554d0d93cf4"
  integrity sha512-y+UHEjnOItoNy0bYO+WWmLWBlPwDjKHW6mNHrPi0NkuhpQOOEbrkwQH/wgKFDLh7qlKjzoKeiRtlpewDPDG23g==
  dependencies:
    "@algolia/cache-browser-local-storage" "4.20.0"
    "@algolia/cache-common" "4.20.0"
    "@algolia/cache-in-memory" "4.20.0"
    "@algolia/client-account" "4.20.0"
    "@algolia/client-analytics" "4.20.0"
    "@algolia/client-common" "4.20.0"
    "@algolia/client-personalization" "4.20.0"
    "@algolia/client-search" "4.20.0"
    "@algolia/logger-common" "4.20.0"
    "@algolia/logger-console" "4.20.0"
    "@algolia/requester-browser-xhr" "4.20.0"
    "@algolia/requester-common" "4.20.0"
    "@algolia/requester-node-http" "4.20.0"
    "@algolia/transporter" "4.20.0"

anymatch@~3.1.2:
  version "3.1.3"
  resolved "https://registry.yarnpkg.com/anymatch/-/anymatch-3.1.3.tgz#790c58b19ba1720a84205b57c618d5ad8524973e"
  integrity sha512-KMReFUr0B4t+D+OBkjR3KYqvocp2XaSzO55UcB6mgQMd3KbcE+mWTyvVV7D/zsdEbNnV6acZUutkiHQXvTr1Rw==
  dependencies:
    normalize-path "^3.0.0"
    picomatch "^2.0.4"

binary-extensions@^2.0.0:
  version "2.2.0"
  resolved "https://registry.yarnpkg.com/binary-extensions/-/binary-extensions-2.2.0.tgz#75f502eeaf9ffde42fc98829645be4ea76bd9e2d"
  integrity sha512-jDctJ/IVQbZoJykoeHbhXpOlNBqGNcwXJKJog42E5HDPUwQTSdjCHdihjj0DlnheQ7blbT6dHOafNAiS8ooQKA==

braces@~3.0.2:
  version "3.0.2"
  resolved "https://registry.yarnpkg.com/braces/-/braces-3.0.2.tgz#3454e1a462ee8d599e236df336cd9ea4f8afe107"
  integrity sha512-b8um+L1RzM3WDSzvhm6gIz1yfTbBt6YTlcEKAvsmqCZZFw46z626lVj9j1yEPW33H5H+lBQpZMP1k8l+78Ha0A==
  dependencies:
    fill-range "^7.0.1"

"chokidar@>=3.0.0 <4.0.0":
  version "3.5.3"
  resolved "https://registry.yarnpkg.com/chokidar/-/chokidar-3.5.3.tgz#1cf37c8707b932bd1af1ae22c0432e2acd1903bd"
  integrity sha512-Dr3sfKRP6oTcjf2JmUmFJfeVMvXBdegxB0iVQ5eb2V10uFJUCAS8OByZdVAyVb8xXNz3GjjTgj9kLWsZTqE6kw==
  dependencies:
    anymatch "~3.1.2"
    braces "~3.0.2"
    glob-parent "~5.1.2"
    is-binary-path "~2.1.0"
    is-glob "~4.0.1"
    normalize-path "~3.0.0"
    readdirp "~3.6.0"
  optionalDependencies:
    fsevents "~2.3.2"

csstype@^3.1.3:
  version "3.1.3"
  resolved "https://registry.npmmirror.com/csstype/-/csstype-3.1.3.tgz#d80ff294d114fb0e6ac500fbf85b60137d7eff81"
  integrity sha512-M1uQkMl8rQK/szD0LNhtqxIPLpimGm8sOBwU7lLnCpSbTyY3yeU1Vc7l4KT5zT4s/yOxHH5O7tIuuLOCnLADRw==

entities@^4.5.0:
  version "4.5.0"
  resolved "https://registry.npmmirror.com/entities/-/entities-4.5.0.tgz#5d268ea5e7113ec74c4d033b79ea5a35a488fb48"
  integrity sha512-V0hjH4dGPh9Ao5p0MoRY6BVqtwCjhz6vI5LT8AJ55H+4g9/4vbHx1I54fS0XuclLhDHArPQCiMjDxjaL8fPxhw==

esbuild@^0.19.3:
  version "0.19.7"
  resolved "https://registry.yarnpkg.com/esbuild/-/esbuild-0.19.7.tgz#b9a7235097b81278dcf090e2532ed13c95a2ee84"
  integrity sha512-6brbTZVqxhqgbpqBR5MzErImcpA0SQdoKOkcWK/U30HtQxnokIpG3TX2r0IJqbFUzqLjhU/zC1S5ndgakObVCQ==
  optionalDependencies:
    "@esbuild/android-arm" "0.19.7"
    "@esbuild/android-arm64" "0.19.7"
    "@esbuild/android-x64" "0.19.7"
    "@esbuild/darwin-arm64" "0.19.7"
    "@esbuild/darwin-x64" "0.19.7"
    "@esbuild/freebsd-arm64" "0.19.7"
    "@esbuild/freebsd-x64" "0.19.7"
    "@esbuild/linux-arm" "0.19.7"
    "@esbuild/linux-arm64" "0.19.7"
    "@esbuild/linux-ia32" "0.19.7"
    "@esbuild/linux-loong64" "0.19.7"
    "@esbuild/linux-mips64el" "0.19.7"
    "@esbuild/linux-ppc64" "0.19.7"
    "@esbuild/linux-riscv64" "0.19.7"
    "@esbuild/linux-s390x" "0.19.7"
    "@esbuild/linux-x64" "0.19.7"
    "@esbuild/netbsd-x64" "0.19.7"
    "@esbuild/openbsd-x64" "0.19.7"
    "@esbuild/sunos-x64" "0.19.7"
    "@esbuild/win32-arm64" "0.19.7"
    "@esbuild/win32-ia32" "0.19.7"
    "@esbuild/win32-x64" "0.19.7"

estree-walker@^2.0.2:
  version "2.0.2"
  resolved "https://registry.yarnpkg.com/estree-walker/-/estree-walker-2.0.2.tgz#52f010178c2a4c117a7757cfe942adb7d2da4cac"
  integrity sha512-Rfkk/Mp/DL7JVje3u18FxFujQlTNR2q6QfMSMB7AvCBx91NGj/ba3kCfza0f6dVDbw7YlRf/nDrn7pQrCCyQ/w==

fill-range@^7.0.1:
  version "7.0.1"
  resolved "https://registry.yarnpkg.com/fill-range/-/fill-range-7.0.1.tgz#1919a6a7c75fe38b2c7c77e5198535da9acdda40"
  integrity sha512-qOo9F+dMUmC2Lcb4BbVvnKJxTPjCm+RRpe4gDuGrzkL7mEVl/djYSu2OdQ2Pa302N4oqkSg9ir6jaLWJ2USVpQ==
  dependencies:
    to-regex-range "^5.0.1"

focus-trap@^7.5.4:
  version "7.5.4"
  resolved "https://registry.yarnpkg.com/focus-trap/-/focus-trap-7.5.4.tgz#6c4e342fe1dae6add9c2aa332a6e7a0bbd495ba2"
  integrity sha512-N7kHdlgsO/v+iD/dMoJKtsSqs5Dz/dXZVebRgJw23LDk+jMi/974zyiOYDziY2JPp8xivq9BmUGwIJMiuSBi7w==
  dependencies:
    tabbable "^6.2.0"

fsevents@~2.3.2, fsevents@~2.3.3:
  version "2.3.3"
  resolved "https://registry.yarnpkg.com/fsevents/-/fsevents-2.3.3.tgz#cac6407785d03675a2a5e1a5305c697b347d90d6"
  integrity sha512-5xoDfX+fL7faATnagmWPpbFtwh/R77WmMMqqHGS65C3vvB0YHrgF+B1YmZ3441tMj5n63k0212XNoJwzlhffQw==

glob-parent@~5.1.2:
  version "5.1.2"
  resolved "https://registry.yarnpkg.com/glob-parent/-/glob-parent-5.1.2.tgz#869832c58034fe68a4093c17dc15e8340d8401c4"
  integrity sha512-AOIgSQCepiJYwP3ARnGx+5VnTu2HBYdzbGP45eLw1vr3zB3vZLeyed1sC9hnbcOc9/SrMyM5RPQrkGz4aS9Zow==
  dependencies:
    is-glob "^4.0.1"

immutable@^4.0.0:
  version "4.3.4"
  resolved "https://registry.yarnpkg.com/immutable/-/immutable-4.3.4.tgz#2e07b33837b4bb7662f288c244d1ced1ef65a78f"
  integrity sha512-fsXeu4J4i6WNWSikpI88v/PcVflZz+6kMhUfIwc5SY+poQRPnaf5V7qds6SUyUN3cVxEzuCab7QIoLOQ+DQ1wA==

is-binary-path@~2.1.0:
  version "2.1.0"
  resolved "https://registry.yarnpkg.com/is-binary-path/-/is-binary-path-2.1.0.tgz#ea1f7f3b80f064236e83470f86c09c254fb45b09"
  integrity sha512-ZMERYes6pDydyuGidse7OsHxtbI7WVeUEozgR/g7rd0xUimYNlvZRE/K2MgZTjWy725IfelLeVcEM97mmtRGXw==
  dependencies:
    binary-extensions "^2.0.0"

is-extglob@^2.1.1:
  version "2.1.1"
  resolved "https://registry.yarnpkg.com/is-extglob/-/is-extglob-2.1.1.tgz#a88c02535791f02ed37c76a1b9ea9773c833f8c2"
  integrity sha512-SbKbANkN603Vi4jEZv49LeVJMn4yGwsbzZworEoyEiutsN3nJYdbO36zfhGJ6QEDpOZIFkDtnq5JRxmvl3jsoQ==

is-glob@^4.0.1, is-glob@~4.0.1:
  version "4.0.3"
  resolved "https://registry.yarnpkg.com/is-glob/-/is-glob-4.0.3.tgz#64f61e42cbbb2eec2071a9dac0b28ba1e65d5084"
  integrity sha512-xelSayHH36ZgE7ZWhli7pW34hNbNl8Ojv5KVmkJD4hBdD3th8Tfk9vYasLM+mXWOZhFkgZfxhLSnrwRr4elSSg==
  dependencies:
    is-extglob "^2.1.1"

is-number@^7.0.0:
  version "7.0.0"
  resolved "https://registry.yarnpkg.com/is-number/-/is-number-7.0.0.tgz#7535345b896734d5f80c4d06c50955527a14f12b"
  integrity sha512-41Cifkg6e8TylSpdtTpeLVMqvSBEVzTttHvERD741+pnZ8ANv0004MRL43QKPDlK9cGvNp6NZWZUBlbGXYxxng==

magic-string@^0.30.5:
  version "0.30.5"
  resolved "https://registry.yarnpkg.com/magic-string/-/magic-string-0.30.5.tgz#1994d980bd1c8835dc6e78db7cbd4ae4f24746f9"
  integrity sha512-7xlpfBaQaP/T6Vh8MO/EqXSW5En6INHEvEXQiuff7Gku0PWjU3uf6w/j9o7O+SpB5fOAkrI5HeoNgwjEO0pFsA==
  dependencies:
    "@jridgewell/sourcemap-codec" "^1.4.15"

mark.js@8.11.1:
  version "8.11.1"
  resolved "https://registry.yarnpkg.com/mark.js/-/mark.js-8.11.1.tgz#180f1f9ebef8b0e638e4166ad52db879beb2ffc5"
  integrity sha512-1I+1qpDt4idfgLQG+BNWmrqku+7/2bi5nLf4YwF8y8zXvmfiTBY3PV3ZibfrjBueCByROpuBjLLFCajqkgYoLQ==

minisearch@^6.3.0:
  version "6.3.0"
  resolved "https://registry.yarnpkg.com/minisearch/-/minisearch-6.3.0.tgz#985a2f1ca3c73c2d65af94f0616bfe57164b0b6b"
  integrity sha512-ihFnidEeU8iXzcVHy74dhkxh/dn8Dc08ERl0xwoMMGqp4+LvRSCgicb+zGqWthVokQKvCSxITlh3P08OzdTYCQ==

nanoid@^3.3.7:
  version "3.3.7"
  resolved "https://registry.npmmirror.com/nanoid/-/nanoid-3.3.7.tgz#d0c301a691bc8d54efa0a2226ccf3fe2fd656bd8"
  integrity sha512-eSRppjcPIatRIMC1U6UngP8XFcz8MQWGQdt1MTBQ7NaAmvXDfvNxbvWV3x2y6CdEUciCSsDHDQZbhYaB8QEo2g==

normalize-path@^3.0.0, normalize-path@~3.0.0:
  version "3.0.0"
  resolved "https://registry.yarnpkg.com/normalize-path/-/normalize-path-3.0.0.tgz#0dcd69ff23a1c9b11fd0978316644a0388216a65"
  integrity sha512-6eZs5Ls3WtCisHWp9S2GUy8dqkpGi4BVSz3GaqiE6ezub0512ESztXUwUB6C6IKbQkY2Pnb/mD4WYojCRwcwLA==

picocolors@^1.0.0:
  version "1.0.0"
  resolved "https://registry.yarnpkg.com/picocolors/-/picocolors-1.0.0.tgz#cb5bdc74ff3f51892236eaf79d68bc44564ab81c"
  integrity sha512-1fygroTLlHu66zi26VoTDv8yRgm0Fccecssto+MhsZ0D/DGW2sm8E8AjW7NU5VVTRt5GxbeZ5qBuJr+HyLYkjQ==

picomatch@^2.0.4, picomatch@^2.2.1:
  version "2.3.1"
  resolved "https://registry.yarnpkg.com/picomatch/-/picomatch-2.3.1.tgz#3ba3833733646d9d3e4995946c1365a67fb07a42"
  integrity sha512-JU3teHTNjmE2VCGFzuY8EXzCDVwEqB2a8fsIvwaStHhAWJEeVd1o1QD80CU6+ZdEXXSLbSsuLwJjkCBWqRQUVA==

postcss@^8.4.32:
  version "8.4.32"
  resolved "https://registry.npmmirror.com/postcss/-/postcss-8.4.32.tgz#1dac6ac51ab19adb21b8b34fd2d93a86440ef6c9"
  integrity sha512-D/kj5JNu6oo2EIy+XL/26JEDTlIbB8hw85G8StOE6L74RQAVVP5rej6wxCNqyMbR4RkPfqvezVbPw81Ngd6Kcw==
  dependencies:
    nanoid "^3.3.7"
    picocolors "^1.0.0"
    source-map-js "^1.0.2"

preact@^10.0.0:
  version "10.18.1"
  resolved "https://registry.yarnpkg.com/preact/-/preact-10.18.1.tgz#3b84bb305f0b05f4ad5784b981d15fcec4e105da"
  integrity sha512-mKUD7RRkQQM6s7Rkmi7IFkoEHjuFqRQUaXamO61E6Nn7vqF/bo7EZCmSyrUnp2UWHw0O7XjZ2eeXis+m7tf4lg==

prettier@^3.1.1:
  version "3.1.1"
  resolved "https://registry.npmmirror.com/prettier/-/prettier-3.1.1.tgz#6ba9f23165d690b6cbdaa88cb0807278f7019848"
  integrity sha512-22UbSzg8luF4UuZtzgiUOfcGM8s4tjBv6dJRT7j275NXsy2jb4aJa4NNveul5x4eqlF1wuhuR2RElK71RvmVaw==

readdirp@~3.6.0:
  version "3.6.0"
  resolved "https://registry.yarnpkg.com/readdirp/-/readdirp-3.6.0.tgz#74a370bd857116e245b29cc97340cd431a02a6c7"
  integrity sha512-hOS089on8RduqdbhvQ5Z37A0ESjsqz6qnRcffsMU3495FuTdqSm+7bhJ29JvIOsBDEEnan5DPu9t3To9VRlMzA==
  dependencies:
    picomatch "^2.2.1"

rollup@^4.2.0:
  version "4.5.2"
  resolved "https://registry.yarnpkg.com/rollup/-/rollup-4.5.2.tgz#2cf0ef0a57cb4038c50a66356684fd30071d0595"
  integrity sha512-CRK1uoROBfkcqrZKyaFcqCcZWNsvJ6yVYZkqTlRocZhO2s5yER6Z3f/QaYtO8RGyloPnmhwgzuPQpNGeK210xQ==
  optionalDependencies:
    "@rollup/rollup-android-arm-eabi" "4.5.2"
    "@rollup/rollup-android-arm64" "4.5.2"
    "@rollup/rollup-darwin-arm64" "4.5.2"
    "@rollup/rollup-darwin-x64" "4.5.2"
    "@rollup/rollup-linux-arm-gnueabihf" "4.5.2"
    "@rollup/rollup-linux-arm64-gnu" "4.5.2"
    "@rollup/rollup-linux-arm64-musl" "4.5.2"
    "@rollup/rollup-linux-x64-gnu" "4.5.2"
    "@rollup/rollup-linux-x64-musl" "4.5.2"
    "@rollup/rollup-win32-arm64-msvc" "4.5.2"
    "@rollup/rollup-win32-ia32-msvc" "4.5.2"
    "@rollup/rollup-win32-x64-msvc" "4.5.2"
    fsevents "~2.3.2"

sass@^1.69.7:
  version "1.69.7"
  resolved "https://registry.npmmirror.com/sass/-/sass-1.69.7.tgz#6e7e1c8f51e8162faec3e9619babc7da780af3b7"
  integrity sha512-rzj2soDeZ8wtE2egyLXgOOHQvaC2iosZrkF6v3EUG+tBwEvhqUCzm0VP3k9gHF9LXbSrRhT5SksoI56Iw8NPnQ==
  dependencies:
    chokidar ">=3.0.0 <4.0.0"
    immutable "^4.0.0"
    source-map-js ">=0.6.2 <2.0.0"

shikiji-core@0.9.18, shikiji-core@^0.9.17:
  version "0.9.18"
  resolved "https://registry.npmmirror.com/shikiji-core/-/shikiji-core-0.9.18.tgz#f8f4ef2885d23c7555ff2e07cc9e2e1a49d81f7a"
  integrity sha512-PKTXptbrp/WEDjNHV8OFG9KkfhmR0pSd161kzlDDlgQ0HXAnqJYNDSjqsy1CYZMx5bSvLMy42yJj9oFTqmkNTQ==

shikiji-transformers@^0.9.17:
  version "0.9.18"
  resolved "https://registry.npmmirror.com/shikiji-transformers/-/shikiji-transformers-0.9.18.tgz#c16c63c350a909f1549ea205fbb3def75cb816df"
  integrity sha512-lvKVfgx1ETDqUNxqiUn+whlnjQiunsAg76DOpzjjxkHE/bLcwa+jrghcMxQhui86SLR1tzCdM4Imh+RxW0LI2Q==
  dependencies:
    shikiji "0.9.18"

shikiji@0.9.18, shikiji@^0.9.17:
  version "0.9.18"
  resolved "https://registry.npmmirror.com/shikiji/-/shikiji-0.9.18.tgz#07288497c40470c0c9450685590e6d735ec8b488"
  integrity sha512-/tFMIdV7UQklzN13VjF0/XFzmii6C606Jc878hNezvB8ZR8FG8FW9j0I4J9EJre0owlnPntgLVPpHqy27Gs+DQ==
  dependencies:
    shikiji-core "0.9.18"

"source-map-js@>=0.6.2 <2.0.0", source-map-js@^1.0.2:
  version "1.0.2"
  resolved "https://registry.yarnpkg.com/source-map-js/-/source-map-js-1.0.2.tgz#adbc361d9c62df380125e7f161f71c826f1e490c"
  integrity sha512-R0XvVJ9WusLiqTCEiGCmICCMplcCkIwwR11mOSD9CR5u+IXYdiseeEuXCVAjS54zqwkLcPNnmU4OeJ6tUrWhDw==

tabbable@^6.2.0:
  version "6.2.0"
  resolved "https://registry.yarnpkg.com/tabbable/-/tabbable-6.2.0.tgz#732fb62bc0175cfcec257330be187dcfba1f3b97"
  integrity sha512-Cat63mxsVJlzYvN51JmVXIgNoUokrIaT2zLclCXjRd8boZ0004U4KCs/sToJ75C6sdlByWxpYnb5Boif1VSFew==

to-regex-range@^5.0.1:
  version "5.0.1"
  resolved "https://registry.yarnpkg.com/to-regex-range/-/to-regex-range-5.0.1.tgz#1648c44aae7c8d988a326018ed72f5b4dd0392e4"
  integrity sha512-65P7iz6X5yEr1cwcgvQxbbIw7Uk3gOy5dIdtZ4rDveLqhrdJP+Li/Hx6tyK0NEb+2GCyneCMJiGqrADCSNk8sQ==
  dependencies:
    is-number "^7.0.0"

vite@^5.0.11:
  version "5.0.11"
  resolved "https://registry.npmmirror.com/vite/-/vite-5.0.11.tgz#31562e41e004cb68e1d51f5d2c641ab313b289e4"
  integrity sha512-XBMnDjZcNAw/G1gEiskiM1v6yzM4GE5aMGvhWTlHAYYhxb7S3/V1s3m2LDHa8Vh6yIWYYB0iJwsEaS523c4oYA==
  dependencies:
    esbuild "^0.19.3"
    postcss "^8.4.32"
    rollup "^4.2.0"
  optionalDependencies:
    fsevents "~2.3.3"

vitepress@1.0.0-rc.36:
  version "1.0.0-rc.36"
  resolved "https://registry.npmmirror.com/vitepress/-/vitepress-1.0.0-rc.36.tgz#78f1c19538d65ac4e69c44bea77579f2cccf5887"
  integrity sha512-2z4dpM9PplN/yvTifhavOIAazlCR6OJ5PvLoRbc+7LdcFeIlCsuDGENLX4HjMW18jQZF5/j7++PNqdBfeazxUA==
  dependencies:
    "@docsearch/css" "^3.5.2"
    "@docsearch/js" "^3.5.2"
    "@types/markdown-it" "^13.0.7"
    "@vitejs/plugin-vue" "^5.0.2"
    "@vue/devtools-api" "^6.5.1"
    "@vueuse/core" "^10.7.1"
    "@vueuse/integrations" "^10.7.1"
    focus-trap "^7.5.4"
    mark.js "8.11.1"
    minisearch "^6.3.0"
    shikiji "^0.9.17"
    shikiji-core "^0.9.17"
    shikiji-transformers "^0.9.17"
    vite "^5.0.11"
    vue "^3.4.5"

vue-demi@>=0.14.6:
  version "0.14.6"
  resolved "https://registry.yarnpkg.com/vue-demi/-/vue-demi-0.14.6.tgz#dc706582851dc1cdc17a0054f4fec2eb6df74c92"
  integrity sha512-8QA7wrYSHKaYgUxDA5ZC24w+eHm3sYCbp0EzcDwKqN3p6HqtTCGR/GVsPyZW92unff4UlcSh++lmqDWN3ZIq4w==

vue@^3.4.5, vue@^3.4.6:
  version "3.4.6"
  resolved "https://registry.npmmirror.com/vue/-/vue-3.4.6.tgz#ed53a1849241b1cb866212f04b213f68f5f550e4"
  integrity sha512-gAzw5oP0/h34/yq1LjLNpn4wrCKYMuWp2jbs/JirFiZAFWYhd9jTkXp4wIi5ApgMJrMgD6YFyyXwKsqFYR31IQ==
  dependencies:
    "@vue/compiler-dom" "3.4.6"
    "@vue/compiler-sfc" "3.4.6"
    "@vue/runtime-dom" "3.4.6"
    "@vue/server-renderer" "3.4.6"
    "@vue/shared" "3.4.6"
